
Microsoft Visual Studio Solution File, Format Version 12.00
# Visual Studio Version 16
VisualStudioVersion = 16.0.32428.217
MinimumVisualStudioVersion = 10.0.40219.1
Project("{FAE04EC0-301F-11D3-BF4B-00C04F79EFBC}") = "ConsoleClicker", "ConsoleClicker\ConsoleClicker.csproj", "{CF0498FC-8B50-4459-BDB2-5900F03B0AE7}"
EndProject
Global
	GlobalSection(SolutionConfigurationPlatforms) = preSolution
		Debug|Any CPU = Debug|Any CPU
		Release|Any CPU = Release|Any CPU
	EndGlobalSection
	GlobalSection(ProjectConfigurationPlatforms) = postSolution
		{CF0498FC-8B50-4459-BDB2-5900F03B0AE7}.Debug|Any CPU.ActiveCfg = Debug|Any CPU
		{CF0498FC-8B50-4459-BDB2-5900F03B0AE7}.Debug|Any CPU.Build.0 = Debug|Any CPU
		{CF0498FC-8B50-4459-BDB2-5900F03B0AE7}.Release|Any CPU.ActiveCfg = Release|Any CPU
		{CF0498FC-8B50-4459-BDB2-5900F03B0AE7}.Release|Any CPU.Build.0 = Release|Any CPU
	EndGlobalSection
	GlobalSection(SolutionProperties) = preSolution
		HideSolutionNode = FALSE
	EndGlobalSection
	GlobalSection(ExtensibilityGlobals) = postSolution
		SolutionGuid = {7F1D2314-E004-4184-B4CE-12D4A2942643}
	EndGlobalSection
EndGlobal
